{
  "name": "Summit-Events-App",
  "lockfileVersion": 3,
  "requires": true,
  "packages": {
    "": {
      "dependencies": {
        "fullcalendar": "^6.1.20"
      }
    },
    "node_modules/@fullcalendar/core": {
      "version": "6.1.20",
      "resolved": "https://registry.npmjs.org/@fullcalendar/core/-/core-6.1.20.tgz",
      "integrity": "sha512-1cukXLlePFiJ8YKXn/4tMKsy0etxYLCkXk8nUCFi11nRONF2Ba2CD5b21/ovtOO2tL6afTJfwmc1ed3HG7eB1g==",
      "license": "MIT",
      "dependencies": {
        "preact": "~10.12.1"
      }
    },
    "node_modules/@fullcalendar/daygrid": {
      "version": "6.1.20",
      "resolved": "https://registry.npmjs.org/@fullcalendar/daygrid/-/daygrid-6.1.20.tgz",
      "integrity": "sha512-AO9vqhkLP77EesmJzuU+IGXgxNulsA8mgQHynclJ8U70vSwAVnbcLG9qftiTAFSlZjiY/NvhE7sflve6cJelyQ==",
      "license": "MIT",
      "peerDependencies": {
        "@fullcalendar/core": "~6.1.20"
      }
    },
    "node_modules/@fullcalendar/interaction": {
      "version": "6.1.20",
      "resolved": "https://registry.npmjs.org/@fullcalendar/interaction/-/interaction-6.1.20.tgz",
      "integrity": "sha512-p6txmc5txL0bMiPaJxe2ip6o0T384TyoD2KGdsU6UjZ5yoBlaY+dg7kxfnYKpYMzEJLG58n+URrHr2PgNL2fyA==",
      "license": "MIT",
      "peerDependencies": {
        "@fullcalendar/core": "~6.1.20"
      }
    },
    "node_modules/@fullcalendar/list": {
      "version": "6.1.20",
      "resolved": "https://registry.npmjs.org/@fullcalendar/list/-/list-6.1.20.tgz",
      "integrity": "sha512-7Hzkbb7uuSqrXwTyD0Ld/7SwWNxPD6SlU548vtkIpH55rZ4qquwtwYdMPgorHos5OynHA4OUrZNcH51CjrCf2g==",
      "license": "MIT",
      "peerDependencies": {
        "@fullcalendar/core": "~6.1.20"
      }
    },
    "node_modules/@fullcalendar/multimonth": {
      "version": "6.1.20",
      "resolved": "https://registry.npmjs.org/@fullcalendar/multimonth/-/multimonth-6.1.20.tgz",
      "integrity": "sha512-rMMiPBA71lUJ1DV/0ckPtN4/G4LozkkDKoG7/CbmTYqFJiMRskM/1WpilhtRn4iUdNe03V5K7ofFQRs0wo4ZtQ==",
      "license": "MIT",
      "dependencies": {
        "@fullcalendar/daygrid": "~6.1.20"
      },
      "peerDependencies": {
        "@fullcalendar/core": "~6.1.20"
      }
    },
    "node_modules/@fullcalendar/timegrid": {
      "version": "6.1.20",
      "resolved": "https://registry.npmjs.org/@fullcalendar/timegrid/-/timegrid-6.1.20.tgz",
      "integrity": "sha512-4H+/MWbz3ntA50lrPif+7TsvMeX3R1GSYjiLULz0+zEJ7/Yfd9pupZmAwUs/PBpA6aAcFmeRr0laWfcz1a9V1A==",
      "license": "MIT",
      "dependencies": {
        "@fullcalendar/daygrid": "~6.1.20"
      },
      "peerDependencies": {
        "@fullcalendar/core": "~6.1.20"
      }
    },
    "node_modules/fullcalendar": {
      "version": "6.1.20",
      "resolved": "https://registry.npmjs.org/fullcalendar/-/fullcalendar-6.1.20.tgz",
      "integrity": "sha512-7lz2P+0YdA86fBTwfr/ducajrM3zUw5o6uoiiYk9xMqcoTf003xBh3mpzW5om9slfAMwGgCBh0KsiYcU1JY1eQ==",
      "license": "MIT",
      "dependencies": {
        "@fullcalendar/core": "~6.1.20",
        "@fullcalendar/daygrid": "~6.1.20",
        "@fullcalendar/interaction": "~6.1.20",
        "@fullcalendar/list": "~6.1.20",
        "@fullcalendar/multimonth": "~6.1.20",
        "@fullcalendar/timegrid": "~6.1.20"
      }
    },
    "node_modules/preact": {
      "version": "10.12.1",
      "resolved": "https://registry.npmjs.org/preact/-/preact-10.12.1.tgz",
      "integrity": "sha512-l8386ixSsBdbreOAkqtrwqHwdvR35ID8c3rKPa8lCWuO86dBi32QWHV4vfsZK1utLLFMvw+Z5Ad4XLkZzchscg==",
      "license": "MIT",
      "funding": {
        "type": "opencollective",
        "url": "https://opencollective.com/preact"
      }
    }
  }
}
